
Microsoft Visual Studio Solution File, Format Version 12.00
# Visual Studio Version 17
VisualStudioVersion = 17.8.34309.116
MinimumVisualStudioVersion = 10.0.40219.1
Project("{FAE04EC0-301F-11D3-BF4B-00C04F79EFBC}") = "02.12.2023 2ci task", "02.12.2023 2ci task\02.12.2023 2ci task.csproj", "{997663E4-6B7A-4A0C-95F6-96953F7B8851}"
EndProject
Global
	GlobalSection(SolutionConfigurationPlatforms) = preSolution
		Debug|Any CPU = Debug|Any CPU
		Release|Any CPU = Release|Any CPU
	EndGlobalSection
	GlobalSection(ProjectConfigurationPlatforms) = postSolution
		{997663E4-6B7A-4A0C-95F6-96953F7B8851}.Debug|Any CPU.ActiveCfg = Debug|Any CPU
		{997663E4-6B7A-4A0C-95F6-96953F7B8851}.Debug|Any CPU.Build.0 = Debug|Any CPU
		{997663E4-6B7A-4A0C-95F6-96953F7B8851}.Release|Any CPU.ActiveCfg = Release|Any CPU
		{997663E4-6B7A-4A0C-95F6-96953F7B8851}.Release|Any CPU.Build.0 = Release|Any CPU
	EndGlobalSection
	GlobalSection(SolutionProperties) = preSolution
		HideSolutionNode = FALSE
	EndGlobalSection
	GlobalSection(ExtensibilityGlobals) = postSolution
		SolutionGuid = {B84C9135-6B6E-40B9-B62D-B011CE001FA0}
	EndGlobalSection
EndGlobal
